
Microsoft Visual Studio Solution File, Format Version 12.00
# Visual Studio Version 17
VisualStudioVersion = 17.0.31903.59
MinimumVisualStudioVersion = 10.0.40219.1
Project("{2150E333-8FDC-42A3-9474-1A3956D46DE8}") = "src", "src", "{827E0CD3-B72D-47B6-A68D-7590B98EB39B}"
EndProject
Project("{FAE04EC0-301F-11D3-BF4B-00C04F79EFBC}") = "ATA.Domain", "src\ATA.Domain\ATA.Domain.csproj", "{221A4641-26F2-4EB1-A130-568AC89B0CFE}"
EndProject
Project("{FAE04EC0-301F-11D3-BF4B-00C04F79EFBC}") = "ATA.Infrastructure", "src\ATA.Infrastructure\ATA.Infrastructure.csproj", "{672FA6A1-77F4-40C8-8D1D-5A6717B4FA22}"
EndProject
Project("{FAE04EC0-301F-11D3-BF4B-00C04F79EFBC}") = "ATA.Api", "src\ATA.Api\ATA.Api.csproj", "{D14085AA-4035-4C2D-A252-14C3F8B25DBC}"
EndProject
Project("{2150E333-8FDC-42A3-9474-1A3956D46DE8}") = "tests", "tests", "{0AB3BF05-4346-4AA6-1389-037BE0695223}"
EndProject
Project("{FAE04EC0-301F-11D3-BF4B-00C04F79EFBC}") = "ATA.Tests", "tests\ATA.Tests\ATA.Tests.csproj", "{533B84D2-2E82-4BEC-B843-F97AF2016F68}"
EndProject
Global
	GlobalSection(SolutionConfigurationPlatforms) = preSolution
		Debug|Any CPU = Debug|Any CPU
		Debug|x64 = Debug|x64
		Debug|x86 = Debug|x86
		Release|Any CPU = Release|Any CPU
		Release|x64 = Release|x64
		Release|x86 = Release|x86
	EndGlobalSection
	GlobalSection(ProjectConfigurationPlatforms) = postSolution
		{221A4641-26F2-4EB1-A130-568AC89B0CFE}.Debug|Any CPU.ActiveCfg = Debug|Any CPU
		{221A4641-26F2-4EB1-A130-568AC89B0CFE}.Debug|Any CPU.Build.0 = Debug|Any CPU
		{221A4641-26F2-4EB1-A130-568AC89B0CFE}.Debug|x64.ActiveCfg = Debug|Any CPU
		{221A4641-26F2-4EB1-A130-568AC89B0CFE}.Debug|x64.Build.0 = Debug|Any CPU
		{221A4641-26F2-4EB1-A130-568AC89B0CFE}.Debug|x86.ActiveCfg = Debug|Any CPU
		{221A4641-26F2-4EB1-A130-568AC89B0CFE}.Debug|x86.Build.0 = Debug|Any CPU
		{221A4641-26F2-4EB1-A130-568AC89B0CFE}.Release|Any CPU.ActiveCfg = Release|Any CPU
		{221A4641-26F2-4EB1-A130-568AC89B0CFE}.Release|Any CPU.Build.0 = Release|Any CPU
		{221A4641-26F2-4EB1-A130-568AC89B0CFE}.Release|x64.ActiveCfg = Release|Any CPU
		{221A4641-26F2-4EB1-A130-568AC89B0CFE}.Release|x64.Build.0 = Release|Any CPU
		{221A4641-26F2-4EB1-A130-568AC89B0CFE}.Release|x86.ActiveCfg = Release|Any CPU
		{221A4641-26F2-4EB1-A130-568AC89B0CFE}.Release|x86.Build.0 = Release|Any CPU
		{672FA6A1-77F4-40C8-8D1D-5A6717B4FA22}.Debug|Any CPU.ActiveCfg = Debug|Any CPU
		{672FA6A1-77F4-40C8-8D1D-5A6717B4FA22}.Debug|Any CPU.Build.0 = Debug|Any CPU
		{672FA6A1-77F4-40C8-8D1D-5A6717B4FA22}.Debug|x64.ActiveCfg = Debug|Any CPU
		{672FA6A1-77F4-40C8-8D1D-5A6717B4FA22}.Debug|x64.Build.0 = Debug|Any CPU
		{672FA6A1-77F4-40C8-8D1D-5A6717B4FA22}.Debug|x86.ActiveCfg = Debug|Any CPU
		{672FA6A1-77F4-40C8-8D1D-5A6717B4FA22}.Debug|x86.Build.0 = Debug|Any CPU
		{672FA6A1-77F4-40C8-8D1D-5A6717B4FA22}.Release|Any CPU.ActiveCfg = Release|Any CPU
		{672FA6A1-77F4-40C8-8D1D-5A6717B4FA22}.Release|Any CPU.Build.0 = Release|Any CPU
		{672FA6A1-77F4-40C8-8D1D-5A6717B4FA22}.Release|x64.ActiveCfg = Release|Any CPU
		{672FA6A1-77F4-40C8-8D1D-5A6717B4FA22}.Release|x64.Build.0 = Release|Any CPU
		{672FA6A1-77F4-40C8-8D1D-5A6717B4FA22}.Release|x86.ActiveCfg = Release|Any CPU
		{672FA6A1-77F4-40C8-8D1D-5A6717B4FA22}.Release|x86.Build.0 = Release|Any CPU
		{D14085AA-4035-4C2D-A252-14C3F8B25DBC}.Debug|Any CPU.ActiveCfg = Debug|Any CPU
		{D14085AA-4035-4C2D-A252-14C3F8B25DBC}.Debug|Any CPU.Build.0 = Debug|Any CPU
		{D14085AA-4035-4C2D-A252-14C3F8B25DBC}.Debug|x64.ActiveCfg = Debug|Any CPU
		{D14085AA-4035-4C2D-A252-14C3F8B25DBC}.Debug|x64.Build.0 = Debug|Any CPU
		{D14085AA-4035-4C2D-A252-14C3F8B25DBC}.Debug|x86.ActiveCfg = Debug|Any CPU
		{D14085AA-4035-4C2D-A252-14C3F8B25DBC}.Debug|x86.Build.0 = Debug|Any CPU
		{D14085AA-4035-4C2D-A252-14C3F8B25DBC}.Release|Any CPU.ActiveCfg = Release|Any CPU
		{D14085AA-4035-4C2D-A252-14C3F8B25DBC}.Release|Any CPU.Build.0 = Release|Any CPU
		{D14085AA-4035-4C2D-A252-14C3F8B25DBC}.Release|x64.ActiveCfg = Release|Any CPU
		{D14085AA-4035-4C2D-A252-14C3F8B25DBC}.Release|x64.Build.0 = Release|Any CPU
		{D14085AA-4035-4C2D-A252-14C3F8B25DBC}.Release|x86.ActiveCfg = Release|Any CPU
		{D14085AA-4035-4C2D-A252-14C3F8B25DBC}.Release|x86.Build.0 = Release|Any CPU
		{533B84D2-2E82-4BEC-B843-F97AF2016F68}.Debug|Any CPU.ActiveCfg = Debug|Any CPU
		{533B84D2-2E82-4BEC-B843-F97AF2016F68}.Debug|Any CPU.Build.0 = Debug|Any CPU
		{533B84D2-2E82-4BEC-B843-F97AF2016F68}.Debug|x64.ActiveCfg = Debug|Any CPU
		{533B84D2-2E82-4BEC-B843-F97AF2016F68}.Debug|x64.Build.0 = Debug|Any CPU
		{533B84D2-2E82-4BEC-B843-F97AF2016F68}.Debug|x86.ActiveCfg = Debug|Any CPU
		{533B84D2-2E82-4BEC-B843-F97AF2016F68}.Debug|x86.Build.0 = Debug|Any CPU
		{533B84D2-2E82-4BEC-B843-F97AF2016F68}.Release|Any CPU.ActiveCfg = Release|Any CPU
		{533B84D2-2E82-4BEC-B843-F97AF2016F68}.Release|Any CPU.Build.0 = Release|Any CPU
		{533B84D2-2E82-4BEC-B843-F97AF2016F68}.Release|x64.ActiveCfg = Release|Any CPU
		{533B84D2-2E82-4BEC-B843-F97AF2016F68}.Release|x64.Build.0 = Release|Any CPU
		{533B84D2-2E82-4BEC-B843-F97AF2016F68}.Release|x86.ActiveCfg = Release|Any CPU
		{533B84D2-2E82-4BEC-B843-F97AF2016F68}.Release|x86.Build.0 = Release|Any CPU
	EndGlobalSection
	GlobalSection(SolutionProperties) = preSolution
		HideSolutionNode = FALSE
	EndGlobalSection
	GlobalSection(NestedProjects) = preSolution
		{221A4641-26F2-4EB1-A130-568AC89B0CFE} = {827E0CD3-B72D-47B6-A68D-7590B98EB39B}
		{672FA6A1-77F4-40C8-8D1D-5A6717B4FA22} = {827E0CD3-B72D-47B6-A68D-7590B98EB39B}
		{D14085AA-4035-4C2D-A252-14C3F8B25DBC} = {827E0CD3-B72D-47B6-A68D-7590B98EB39B}
		{533B84D2-2E82-4BEC-B843-F97AF2016F68} = {0AB3BF05-4346-4AA6-1389-037BE0695223}
	EndGlobalSection
EndGlobal
